// !$*UTF8*$!
{
	archiveVersion = 1;
	classes = {
	};
	objectVersion = 55;
	objects = {

/* Begin PBXBuildFile section */
		A60BD31A27215CF2004F6CA3 /* PhuongTrinh.swift in Sources */ = {isa = PBXBuildFile; fileRef = A60BD31927215CF2004F6CA3 /* PhuongTrinh.swift */; };
		A60E46B927148997007B03A3 /* CanBang_ViewController.swift in Sources */ = {isa = PBXBuildFile; fileRef = A60E46B827148997007B03A3 /* CanBang_ViewController.swift */; };
		A616490127075D56009C56DE /* AppDelegate.swift in Sources */ = {isa = PBXBuildFile; fileRef = A616490027075D56009C56DE /* AppDelegate.swift */; };
		A616490327075D56009C56DE /* SceneDelegate.swift in Sources */ = {isa = PBXBuildFile; fileRef = A616490227075D56009C56DE /* SceneDelegate.swift */; };
		A616490527075D56009C56DE /* ViewController.swift in Sources */ = {isa = PBXBuildFile; fileRef = A616490427075D56009C56DE /* ViewController.swift */; };
		A616490827075D56009C56DE /* Main.storyboard in Resources */ = {isa = PBXBuildFile; fileRef = A616490627075D56009C56DE /* Main.storyboard */; };
		A616490A27075D57009C56DE /* Assets.xcassets in Resources */ = {isa = PBXBuildFile; fileRef = A616490927075D57009C56DE /* Assets.xcassets */; };
		A616490D27075D57009C56DE /* LaunchScreen.storyboard in Resources */ = {isa = PBXBuildFile; fileRef = A616490B27075D57009C56DE /* LaunchScreen.storyboard */; };
/* End PBXBuildFile section */

/* Begin PBXFileReference section */
		A60BD31927215CF2004F6CA3 /* PhuongTrinh.swift */ = {isa = PBXFileReference; lastKnownFileType = sourcecode.swift; path = PhuongTrinh.swift; sourceTree = "<group>"; };
		A60E46B827148997007B03A3 /* CanBang_ViewController.swift */ = {isa = PBXFileReference; lastKnownFileType = sourcecode.swift; path = CanBang_ViewController.swift; sourceTree = "<group>"; };
		A60E46BA271AD479007B03A3 /* chemistry.entitlements */ = {isa = PBXFileReference; lastKnownFileType = text.plist.entitlements; path = chemistry.entitlements; sourceTree = "<group>"; };
		A61648FD27075D56009C56DE /* chemistry.app */ = {isa = PBXFileReference; explicitFileType = wrapper.application; includeInIndex = 0; path = chemistry.app; sourceTree = BUILT_PRODUCTS_DIR; };
		A616490027075D56009C56DE /* AppDelegate.swift */ = {isa = PBXFileReference; lastKnownFileType = sourcecode.swift; path = AppDelegate.swift; sourceTree = "<group>"; };
		A616490227075D56009C56DE /* SceneDelegate.swift */ = {isa = PBXFileReference; lastKnownFileType = sourcecode.swift; path = SceneDelegate.swift; sourceTree = "<group>"; };
		A616490427075D56009C56DE /* ViewController.swift */ = {isa = PBXFileReference; lastKnownFileType = sourcecode.swift; path = ViewController.swift; sourceTree = "<group>"; };
		A616490727075D56009C56DE /* Base */ = {isa = PBXFileReference; lastKnownFileType = file.storyboard; name = Base; path = Base.lproj/Main.storyboard; sourceTree = "<group>"; };
		A616490927075D57009C56DE /* Assets.xcassets */ = {isa = PBXFileReference; lastKnownFileType = folder.assetcatalog; path = Assets.xcassets; sourceTree = "<group>"; };
		A616490C27075D57009C56DE /* Base */ = {isa = PBXFileReference; lastKnownFileType = file.storyboard; name = Base; path = Base.lproj/LaunchScreen.storyboard; sourceTree = "<group>"; };
		A616490E27075D57009C56DE /* Info.plist */ = {isa = PBXFileReference; lastKnownFileType = text.plist.xml; path = Info.plist; sourceTree = "<group>"; };
/* End PBXFileReference section */

/* Begin PBXFrameworksBuildPhase section */
		A61648FA27075D56009C56DE /* Frameworks */ = {
			isa = PBXFrameworksBuildPhase;
			buildActionMask = 2147483647;
			files = (
			);
			runOnlyForDeploymentPostprocessing = 0;
		};
/* End PBXFrameworksBuildPhase section */

/* Begin PBXGroup section */
		A61648F427075D56009C56DE = {
			isa = PBXGroup;
			children = (
				A61648FF27075D56009C56DE /* chemistry */,
				A61648FE27075D56009C56DE /* Products */,
			);
			sourceTree = "<group>";
		};
		A61648FE27075D56009C56DE /* Products */ = {
			isa = PBXGroup;
			children = (
				A61648FD27075D56009C56DE /* chemistry.app */,
			);
			name = Products;
			sourceTree = "<group>";
		};
		A61648FF27075D56009C56DE /* chemistry */ = {
			isa = PBXGroup;
			children = (
				A60E46BA271AD479007B03A3 /* chemistry.entitlements */,
				A616490027075D56009C56DE /* AppDelegate.swift */,
				A616490227075D56009C56DE /* SceneDelegate.swift */,
				A616490427075D56009C56DE /* ViewController.swift */,
				A616490627075D56009C56DE /* Main.storyboard */,
				A616490927075D57009C56DE /* Assets.xcassets */,
				A616490B27075D57009C56DE /* LaunchScreen.storyboard */,
				A616490E27075D57009C56DE /* Info.plist */,
				A60E46B827148997007B03A3 /* CanBang_ViewController.swift */,
				A60BD31927215CF2004F6CA3 /* PhuongTrinh.swift */,
			);
			path = chemistry;
			sourceTree = "<group>";
		};
/* End PBXGroup section */

/* Begin PBXNativeTarget section */
		A61648FC27075D56009C56DE /* chemistry */ = {
			isa = PBXNativeTarget;
			buildConfigurationList = A616491127075D57009C56DE /* Build configuration list for PBXNativeTarget "chemistry" */;
			buildPhases = (
				A61648F927075D56009C56DE /* Sources */,
				A61648FA27075D56009C56DE /* Frameworks */,
				A61648FB27075D56009C56DE /* Resources */,
			);
			buildRules = (
			);
			dependencies = (
			);
			name = chemistry;
			productName = pthh;
			productReference = A61648FD27075D56009C56DE /* chemistry.app */;
			productType = "com.apple.product-type.application";
		};
/* End PBXNativeTarget section */

/* Begin PBXProject section */
		A61648F527075D56009C56DE /* Project object */ = {
			isa = PBXProject;
			attributes = {
				BuildIndependentTargetsInParallel = 1;
				LastSwiftUpdateCheck = 1300;
				LastUpgradeCheck = 1300;
				TargetAttributes = {
					A61648FC27075D56009C56DE = {
						CreatedOnToolsVersion = 13.0;
					};
				};
			};
			buildConfigurationList = A61648F827075D56009C56DE /* Build configuration list for PBXProject "chemistry" */;
			compatibilityVersion = "Xcode 13.0";
			developmentRegion = en;
			hasScannedForEncodings = 0;
			knownRegions = (
				en,
				Base,
			);
			mainGroup = A61648F427075D56009C56DE;
			productRefGroup = A61648FE27075D56009C56DE /* Products */;
			projectDirPath = "";
			projectRoot = "";
			targets = (
				A61648FC27075D56009C56DE /* chemistry */,
			);
		};
/* End PBXProject section */

/* Begin PBXResourcesBuildPhase section */
		A61648FB27075D56009C56DE /* Resources */ = {
			isa = PBXResourcesBuildPhase;
			buildActionMask = 2147483647;
			files = (
				A616490D27075D57009C56DE /* LaunchScreen.storyboard in Resources */,
				A616490A27075D57009C56DE /* Assets.xcassets in Resources */,
				A616490827075D56009C56DE /* Main.storyboard in Resources */,
			);
			runOnlyForDeploymentPostprocessing = 0;
		};
/* End PBXResourcesBuildPhase section */

/* Begin PBXSourcesBuildPhase section */
		A61648F927075D56009C56DE /* Sources */ = {
			isa = PBXSourcesBuildPhase;
			buildActionMask = 2147483647;
			files = (
				A616490527075D56009C56DE /* ViewController.swift in Sources */,
				A616490127075D56009C56DE /* AppDelegate.swift in Sources */,
				A60BD31A27215CF2004F6CA3 /* PhuongTrinh.swift in Sources */,
				A616490327075D56009C56DE /* SceneDelegate.swift in Sources */,
				A60E46B927148997007B03A3 /* CanBang_ViewController.swift in Sources */,
			);
			runOnlyForDeploymentPostprocessing = 0;
		};
/* End PBXSourcesBuildPhase section */

/* Begin PBXVariantGroup section */
		A616490627075D56009C56DE /* Main.storyboard */ = {
			isa = PBXVariantGroup;
			children = (
				A616490727075D56009C56DE /* Base */,
			);
			name = Main.storyboard;
			sourceTree = "<group>";
		};
		A616490B27075D57009C56DE /* LaunchScreen.storyboard */ = {
			isa = PBXVariantGroup;
			children = (
				A616490C27075D57009C56DE /* Base */,
			);
			name = LaunchScreen.storyboard;
			sourceTree = "<group>";
		};
/* End PBXVariantGroup section */

/* Begin XCBuildConfiguration section */
		A616490F27075D57009C56DE /* Debug */ = {
			isa = XCBuildConfiguration;
			buildSettings = {
				ALWAYS_SEARCH_USER_PATHS = NO;
				CLANG_ANALYZER_NONNULL = YES;
				CLANG_ANALYZER_NUMBER_OBJECT_CONVERSION = YES_AGGRESSIVE;
				CLANG_CXX_LANGUAGE_STANDARD = "gnu++17";
				CLANG_CXX_LIBRARY = "libc++";
				CLANG_ENABLE_MODULES = YES;
				CLANG_ENABLE_OBJC_ARC = YES;
				CLANG_ENABLE_OBJC_WEAK = YES;
				CLANG_WARN_BLOCK_CAPTURE_AUTORELEASING = YES;
				CLANG_WARN_BOOL_CONVERSION = YES;
				CLANG_WARN_COMMA = YES;
				CLANG_WARN_CONSTANT_CONVERSION = YES;
				CLANG_WARN_DEPRECATED_OBJC_IMPLEMENTATIONS = YES;
				CLANG_WARN_DIRECT_OBJC_ISA_USAGE = YES_ERROR;
				CLANG_WARN_DOCUMENTATION_COMMENTS = YES;
				CLANG_WARN_EMPTY_BODY = YES;
				CLANG_WARN_ENUM_CONVERSION = YES;
				CLANG_WARN_INFINITE_RECURSION = YES;
				CLANG_WARN_INT_CONVERSION = YES;
				CLANG_WARN_NON_LITERAL_NULL_CONVERSION = YES;
				CLANG_WARN_OBJC_IMPLICIT_RETAIN_SELF = YES;
				CLANG_WARN_OBJC_LITERAL_CONVERSION = YES;
				CLANG_WARN_OBJC_ROOT_CLASS = YES_ERROR;
				CLANG_WARN_QUOTED_INCLUDE_IN_FRAMEWORK_HEADER = YES;
				CLANG_WARN_RANGE_LOOP_ANALYSIS = YES;
				CLANG_WARN_STRICT_PROTOTYPES = YES;
				CLANG_WARN_SUSPICIOUS_MOVE = YES;
				CLANG_WARN_UNGUARDED_AVAILABILITY = YES_AGGRESSIVE;
				CLANG_WARN_UNREACHABLE_CODE = YES;
				CLANG_WARN__DUPLICATE_METHOD_MATCH = YES;
				COPY_PHASE_STRIP = NO;
				DEBUG_INFORMATION_FORMAT = dwarf;
				ENABLE_STRICT_OBJC_MSGSEND = YES;
				ENABLE_TESTABILITY = YES;
				GCC_C_LANGUAGE_STANDARD = gnu11;
				GCC_DYNAMIC_NO_PIC = NO;
				GCC_NO_COMMON_BLOCKS = YES;
				GCC_OPTIMIZATION_LEVEL = 0;
				GCC_PREPROCESSOR_DEFINITIONS = (
					"DEBUG=1",
					"$(inherited)",
				);
				GCC_WARN_64_TO_32_BIT_CONVERSION = YES;
				GCC_WARN_ABOUT_RETURN_TYPE = YES_ERROR;
				GCC_WARN_UNDECLARED_SELECTOR = YES;
				GCC_WARN_UNINITIALIZED_AUTOS = YES_AGGRESSIVE;
				GCC_WARN_UNUSED_FUNCTION = YES;
				GCC_WARN_UNUSED_VARIABLE = YES;
				IPHONEOS_DEPLOYMENT_TARGET = 14.0;
				MTL_ENABLE_DEBUG_INFO = INCLUDE_SOURCE;
				MTL_FAST_MATH = YES;
				ONLY_ACTIVE_ARCH = YES;
				SDKROOT = iphoneos;
				SWIFT_ACTIVE_COMPILATION_CONDITIONS = DEBUG;
				SWIFT_OPTIMIZATION_LEVEL = "-Onone";
				SWIFT_VERSION = 5.0;
			};
			name = Debug;
		};
		A616491027075D57009C56DE /* Release */ = {
			isa = XCBuildConfiguration;
			buildSettings = {
				ALWAYS_SEARCH_USER_PATHS = NO;
				CLANG_ANALYZER_NONNULL = YES;
				CLANG_ANALYZER_NUMBER_OBJECT_CONVERSION = YES_AGGRESSIVE;
				CLANG_CXX_LANGUAGE_STANDARD = "gnu++17";
				CLANG_CXX_LIBRARY = "libc++";
				CLANG_ENABLE_MODULES = YES;
				CLANG_ENABLE_OBJC_ARC = YES;
				CLANG_ENABLE_OBJC_WEAK = YES;
				CLANG_WARN_BLOCK_CAPTURE_AUTORELEASING = YES;
				CLANG_WARN_BOOL_CONVERSION = YES;
				CLANG_WARN_COMMA = YES;
				CLANG_WARN_CONSTANT_CONVERSION = YES;
				CLANG_WARN_DEPRECATED_OBJC_IMPLEMENTATIONS = YES;
				CLANG_WARN_DIRECT_OBJC_ISA_USAGE = YES_ERROR;
				CLANG_WARN_DOCUMENTATION_COMMENTS = YES;
				CLANG_WARN_EMPTY_BODY = YES;
				CLANG_WARN_ENUM_CONVERSION = YES;
				CLANG_WARN_INFINITE_RECURSION = YES;
				CLANG_WARN_INT_CONVERSION = YES;
				CLANG_WARN_NON_LITERAL_NULL_CONVERSION = YES;
				CLANG_WARN_OBJC_IMPLICIT_RETAIN_SELF = YES;
				CLANG_WARN_OBJC_LITERAL_CONVERSION = YES;
				CLANG_WARN_OBJC_ROOT_CLASS = YES_ERROR;
				CLANG_WARN_QUOTED_INCLUDE_IN_FRAMEWORK_HEADER = YES;
				CLANG_WARN_RANGE_LOOP_ANALYSIS = YES;
				CLANG_WARN_STRICT_PROTOTYPES = YES;
				CLANG_WARN_SUSPICIOUS_MOVE = YES;
				CLANG_WARN_UNGUARDED_AVAILABILITY = YES_AGGRESSIVE;
				CLANG_WARN_UNREACHABLE_CODE = YES;
				CLANG_WARN__DUPLICATE_METHOD_MATCH = YES;
				COPY_PHASE_STRIP = NO;
				DEBUG_INFORMATION_FORMAT = "dwarf-with-dsym";
				ENABLE_NS_ASSERTIONS = NO;
				ENABLE_STRICT_OBJC_MSGSEND = YES;
				GCC_C_LANGUAGE_STANDARD = gnu11;
				GCC_NO_COMMON_BLOCKS = YES;
				GCC_WARN_64_TO_32_BIT_CONVERSION = YES;
				GCC_WARN_ABOUT_RETURN_TYPE = YES_ERROR;
				GCC_WARN_UNDECLARED_SELECTOR = YES;
				GCC_WARN_UNINITIALIZED_AUTOS = YES_AGGRESSIVE;
				GCC_WARN_UNUSED_FUNCTION = YES;
				GCC_WARN_UNUSED_VARIABLE = YES;
				IPHONEOS_DEPLOYMENT_TARGET = 14.0;
				MTL_ENABLE_DEBUG_INFO = NO;
				MTL_FAST_MATH = YES;
				SDKROOT = iphoneos;
				SWIFT_COMPILATION_MODE = wholemodule;
				SWIFT_OPTIMIZATION_LEVEL = "-O";
				SWIFT_VERSION = 5.0;
				VALIDATE_PRODUCT = YES;
			};
			name = Release;
		};
		A616491227075D57009C56DE /* Debug */ = {
			isa = XCBuildConfiguration;
			buildSettings = {
				ASSETCATALOG_COMPILER_APPICON_NAME = AppIcon;
				ASSETCATALOG_COMPILER_GLOBAL_ACCENT_COLOR_NAME = AccentColor;
				CODE_SIGN_ENTITLEMENTS = "";
				CODE_SIGN_IDENTITY = "Apple Development";
				CODE_SIGN_STYLE = Automatic;
				CURRENT_PROJECT_VERSION = 1;
				DEVELOPMENT_TEAM = 6Q764JVH7Y;
				GENERATE_INFOPLIST_FILE = YES;
				INFOPLIST_FILE = chemistry/Info.plist;
				INFOPLIST_KEY_CFBundleDisplayName = chemistry;
				INFOPLIST_KEY_UIApplicationSupportsIndirectInputEvents = YES;
				INFOPLIST_KEY_UILaunchStoryboardName = LaunchScreen;
				INFOPLIST_KEY_UIMainStoryboardFile = Main;
				INFOPLIST_KEY_UISupportedInterfaceOrientations_iPad = "UIInterfaceOrientationPortrait UIInterfaceOrientationPortraitUpsideDown UIInterfaceOrientationLandscapeLeft UIInterfaceOrientationLandscapeRight";
				INFOPLIST_KEY_UISupportedInterfaceOrientations_iPhone = "UIInterfaceOrientationPortrait UIInterfaceOrientationLandscapeLeft UIInterfaceOrientationLandscapeRight";
				IPHONEOS_DEPLOYMENT_TARGET = 13.0;
				LD_RUNPATH_SEARCH_PATHS = (
					"$(inherited)",
					"@executable_path/Frameworks",
				);
				MARKETING_VERSION = 1.0;
				PRODUCT_BUNDLE_IDENTIFIER = com.nghiale.chemistry;
				PRODUCT_NAME = "$(TARGET_NAME)";
				PROVISIONING_PROFILE_SPECIFIER = "";
				SUPPORTS_MACCATALYST = NO;
				SWIFT_EMIT_LOC_STRINGS = YES;
				SWIFT_VERSION = 5.0;
				TARGETED_DEVICE_FAMILY = "1,2";
			};
			name = Debug;
		};
		A616491327075D57009C56DE /* Release */ = {
			isa = XCBuildConfiguration;
			buildSettings = {
				ASSETCATALOG_COMPILER_APPICON_NAME = AppIcon;
				ASSETCATALOG_COMPILER_GLOBAL_ACCENT_COLOR_NAME = AccentColor;
				CODE_SIGN_ENTITLEMENTS = "";
				CODE_SIGN_IDENTITY = "Apple Development";
				CODE_SIGN_STYLE = Automatic;
				CURRENT_PROJECT_VERSION = 1;
				DEVELOPMENT_TEAM = 6Q764JVH7Y;
				GENERATE_INFOPLIST_FILE = YES;
				INFOPLIST_FILE = chemistry/Info.plist;
				INFOPLIST_KEY_CFBundleDisplayName = chemistry;
				INFOPLIST_KEY_UIApplicationSupportsIndirectInputEvents = YES;
				INFOPLIST_KEY_UILaunchStoryboardName = LaunchScreen;
				INFOPLIST_KEY_UIMainStoryboardFile = Main;
				INFOPLIST_KEY_UISupportedInterfaceOrientations_iPad = "UIInterfaceOrientationPortrait UIInterfaceOrientationPortraitUpsideDown UIInterfaceOrientationLandscapeLeft UIInterfaceOrientationLandscapeRight";
				INFOPLIST_KEY_UISupportedInterfaceOrientations_iPhone = "UIInterfaceOrientationPortrait UIInterfaceOrientationLandscapeLeft UIInterfaceOrientationLandscapeRight";
				IPHONEOS_DEPLOYMENT_TARGET = 13.0;
				LD_RUNPATH_SEARCH_PATHS = (
					"$(inherited)",
					"@executable_path/Frameworks",
				);
				MARKETING_VERSION = 1.0;
				PRODUCT_BUNDLE_IDENTIFIER = com.nghiale.chemistry;
				PRODUCT_NAME = "$(TARGET_NAME)";
				PROVISIONING_PROFILE_SPECIFIER = "";
				SUPPORTS_MACCATALYST = NO;
				SWIFT_EMIT_LOC_STRINGS = YES;
				SWIFT_VERSION = 5.0;
				TARGETED_DEVICE_FAMILY = "1,2";
			};
			name = Release;
		};
/* End XCBuildConfiguration section */

/* Begin XCConfigurationList section */
		A61648F827075D56009C56DE /* Build configuration list for PBXProject "chemistry" */ = {
			isa = XCConfigurationList;
			buildConfigurations = (
				A616490F27075D57009C56DE /* Debug */,
				A616491027075D57009C56DE /* Release */,
			);
			defaultConfigurationIsVisible = 0;
			defaultConfigurationName = Release;
		};
		A616491127075D57009C56DE /* Build configuration list for PBXNativeTarget "chemistry" */ = {
			isa = XCConfigurationList;
			buildConfigurations = (
				A616491227075D57009C56DE /* Debug */,
				A616491327075D57009C56DE /* Release */,
			);
			defaultConfigurationIsVisible = 0;
			defaultConfigurationName = Release;
		};
/* End XCConfigurationList section */
	};
	rootObject = A61648F527075D56009C56DE /* Project object */;
}
